
Microsoft Visual Studio Solution File, Format Version 12.00
# Visual Studio 15
VisualStudioVersion = 15.0.28307.539
MinimumVisualStudioVersion = 10.0.40219.1
Project("{FAE04EC0-301F-11D3-BF4B-00C04F79EFBC}") = "AutomationTestFramework", "AutomationTestProjectGumTree\AutomationTestFramework.csproj", "{D2A4658C-63AC-4F49-9A66-308223003F13}"
EndProject
Project("{FAE04EC0-301F-11D3-BF4B-00C04F79EFBC}") = "AutomationTests", "UnitTestProject1\AutomationTests.csproj", "{A932C17A-CA5E-4635-85E0-C98F7DB5D2FC}"
EndProject
Global
	GlobalSection(SolutionConfigurationPlatforms) = preSolution
		Debug|Any CPU = Debug|Any CPU
		Release|Any CPU = Release|Any CPU
	EndGlobalSection
	GlobalSection(ProjectConfigurationPlatforms) = postSolution
		{D2A4658C-63AC-4F49-9A66-308223003F13}.Debug|Any CPU.ActiveCfg = Debug|Any CPU
		{D2A4658C-63AC-4F49-9A66-308223003F13}.Debug|Any CPU.Build.0 = Debug|Any CPU
		{D2A4658C-63AC-4F49-9A66-308223003F13}.Release|Any CPU.ActiveCfg = Release|Any CPU
		{D2A4658C-63AC-4F49-9A66-308223003F13}.Release|Any CPU.Build.0 = Release|Any CPU
		{A932C17A-CA5E-4635-85E0-C98F7DB5D2FC}.Debug|Any CPU.ActiveCfg = Debug|Any CPU
		{A932C17A-CA5E-4635-85E0-C98F7DB5D2FC}.Debug|Any CPU.Build.0 = Debug|Any CPU
		{A932C17A-CA5E-4635-85E0-C98F7DB5D2FC}.Release|Any CPU.ActiveCfg = Release|Any CPU
		{A932C17A-CA5E-4635-85E0-C98F7DB5D2FC}.Release|Any CPU.Build.0 = Release|Any CPU
	EndGlobalSection
	GlobalSection(SolutionProperties) = preSolution
		HideSolutionNode = FALSE
	EndGlobalSection
	GlobalSection(ExtensibilityGlobals) = postSolution
		SolutionGuid = {8019B85A-E7F0-4309-BFF0-83002D6FA89F}
	EndGlobalSection
EndGlobal
